// !$*UTF8*$!
{
	archiveVersion = 1;
	classes = {
	};
	objectVersion = 50;
	objects = {

/* Begin PBXBuildFile section */
		576AE57F2629FA820054F84C /* Unchained Melody.mp3 in Resources */ = {isa = PBXBuildFile; fileRef = 576AE57E2629FA820054F84C /* Unchained Melody.mp3 */; };
		57CB8B622626FB0A004316F9 /* AppDelegate.swift in Sources */ = {isa = PBXBuildFile; fileRef = 57CB8B612626FB0A004316F9 /* AppDelegate.swift */; };
		57CB8B642626FB0A004316F9 /* SceneDelegate.swift in Sources */ = {isa = PBXBuildFile; fileRef = 57CB8B632626FB0A004316F9 /* SceneDelegate.swift */; };
		57CB8B662626FB0A004316F9 /* ViewController.swift in Sources */ = {isa = PBXBuildFile; fileRef = 57CB8B652626FB0A004316F9 /* ViewController.swift */; };
		57CB8B692626FB0A004316F9 /* Main.storyboard in Resources */ = {isa = PBXBuildFile; fileRef = 57CB8B672626FB0A004316F9 /* Main.storyboard */; };
		57CB8B6B2626FB0F004316F9 /* Assets.xcassets in Resources */ = {isa = PBXBuildFile; fileRef = 57CB8B6A2626FB0F004316F9 /* Assets.xcassets */; };
		57CB8B6E2626FB0F004316F9 /* LaunchScreen.storyboard in Resources */ = {isa = PBXBuildFile; fileRef = 57CB8B6C2626FB0F004316F9 /* LaunchScreen.storyboard */; };
		57CB8B772626FC81004316F9 /* MySnowParticle.sks in Resources */ = {isa = PBXBuildFile; fileRef = 57CB8B762626FC81004316F9 /* MySnowParticle.sks */; };
/* End PBXBuildFile section */

/* Begin PBXFileReference section */
		576AE57E2629FA820054F84C /* Unchained Melody.mp3 */ = {isa = PBXFileReference; lastKnownFileType = audio.mp3; path = "Unchained Melody.mp3"; sourceTree = "<group>"; };
		57CB8B5E2626FB0A004316F9 /* viewDidLoad畫面2-hug.app */ = {isa = PBXFileReference; explicitFileType = wrapper.application; includeInIndex = 0; path = "viewDidLoad畫面2-hug.app"; sourceTree = BUILT_PRODUCTS_DIR; };
		57CB8B612626FB0A004316F9 /* AppDelegate.swift */ = {isa = PBXFileReference; lastKnownFileType = sourcecode.swift; path = AppDelegate.swift; sourceTree = "<group>"; };
		57CB8B632626FB0A004316F9 /* SceneDelegate.swift */ = {isa = PBXFileReference; lastKnownFileType = sourcecode.swift; path = SceneDelegate.swift; sourceTree = "<group>"; };
		57CB8B652626FB0A004316F9 /* ViewController.swift */ = {isa = PBXFileReference; lastKnownFileType = sourcecode.swift; path = ViewController.swift; sourceTree = "<group>"; };
		57CB8B682626FB0A004316F9 /* Base */ = {isa = PBXFileReference; lastKnownFileType = file.storyboard; name = Base; path = Base.lproj/Main.storyboard; sourceTree = "<group>"; };
		57CB8B6A2626FB0F004316F9 /* Assets.xcassets */ = {isa = PBXFileReference; lastKnownFileType = folder.assetcatalog; path = Assets.xcassets; sourceTree = "<group>"; };
		57CB8B6D2626FB0F004316F9 /* Base */ = {isa = PBXFileReference; lastKnownFileType = file.storyboard; name = Base; path = Base.lproj/LaunchScreen.storyboard; sourceTree = "<group>"; };
		57CB8B6F2626FB0F004316F9 /* Info.plist */ = {isa = PBXFileReference; lastKnownFileType = text.plist.xml; path = Info.plist; sourceTree = "<group>"; };
		57CB8B762626FC81004316F9 /* MySnowParticle.sks */ = {isa = PBXFileReference; lastKnownFileType = file.sks; path = MySnowParticle.sks; sourceTree = "<group>"; };
/* End PBXFileReference section */

/* Begin PBXFrameworksBuildPhase section */
		57CB8B5B2626FB0A004316F9 /* Frameworks */ = {
			isa = PBXFrameworksBuildPhase;
			buildActionMask = 2147483647;
			files = (
			);
			runOnlyForDeploymentPostprocessing = 0;
		};
/* End PBXFrameworksBuildPhase section */

/* Begin PBXGroup section */
		57CB8B552626FB0A004316F9 = {
			isa = PBXGroup;
			children = (
				57CB8B602626FB0A004316F9 /* viewDidLoad畫面2-hug */,
				57CB8B5F2626FB0A004316F9 /* Products */,
			);
			sourceTree = "<group>";
		};
		57CB8B5F2626FB0A004316F9 /* Products */ = {
			isa = PBXGroup;
			children = (
				57CB8B5E2626FB0A004316F9 /* viewDidLoad畫面2-hug.app */,
			);
			name = Products;
			sourceTree = "<group>";
		};
		57CB8B602626FB0A004316F9 /* viewDidLoad畫面2-hug */ = {
			isa = PBXGroup;
			children = (
				576AE57E2629FA820054F84C /* Unchained Melody.mp3 */,
				57CB8B612626FB0A004316F9 /* AppDelegate.swift */,
				57CB8B632626FB0A004316F9 /* SceneDelegate.swift */,
				57CB8B652626FB0A004316F9 /* ViewController.swift */,
				57CB8B762626FC81004316F9 /* MySnowParticle.sks */,
				57CB8B672626FB0A004316F9 /* Main.storyboard */,
				57CB8B6A2626FB0F004316F9 /* Assets.xcassets */,
				57CB8B6C2626FB0F004316F9 /* LaunchScreen.storyboard */,
				57CB8B6F2626FB0F004316F9 /* Info.plist */,
			);
			path = "viewDidLoad畫面2-hug";
			sourceTree = "<group>";
		};
/* End PBXGroup section */

/* Begin PBXNativeTarget section */
		57CB8B5D2626FB0A004316F9 /* viewDidLoad畫面2-hug */ = {
			isa = PBXNativeTarget;
			buildConfigurationList = 57CB8B722626FB0F004316F9 /* Build configuration list for PBXNativeTarget "viewDidLoad畫面2-hug" */;
			buildPhases = (
				57CB8B5A2626FB0A004316F9 /* Sources */,
				57CB8B5B2626FB0A004316F9 /* Frameworks */,
				57CB8B5C2626FB0A004316F9 /* Resources */,
			);
			buildRules = (
			);
			dependencies = (
			);
			name = "viewDidLoad畫面2-hug";
			productName = "viewDidLoad畫面2-hug";
			productReference = 57CB8B5E2626FB0A004316F9 /* viewDidLoad畫面2-hug.app */;
			productType = "com.apple.product-type.application";
		};
/* End PBXNativeTarget section */

/* Begin PBXProject section */
		57CB8B562626FB0A004316F9 /* Project object */ = {
			isa = PBXProject;
			attributes = {
				LastSwiftUpdateCheck = 1240;
				LastUpgradeCheck = 1240;
				TargetAttributes = {
					57CB8B5D2626FB0A004316F9 = {
						CreatedOnToolsVersion = 12.4;
					};
				};
			};
			buildConfigurationList = 57CB8B592626FB0A004316F9 /* Build configuration list for PBXProject "viewDidLoad畫面2-hug" */;
			compatibilityVersion = "Xcode 9.3";
			developmentRegion = en;
			hasScannedForEncodings = 0;
			knownRegions = (
				en,
				Base,
			);
			mainGroup = 57CB8B552626FB0A004316F9;
			productRefGroup = 57CB8B5F2626FB0A004316F9 /* Products */;
			projectDirPath = "";
			projectRoot = "";
			targets = (
				57CB8B5D2626FB0A004316F9 /* viewDidLoad畫面2-hug */,
			);
		};
/* End PBXProject section */

/* Begin PBXResourcesBuildPhase section */
		57CB8B5C2626FB0A004316F9 /* Resources */ = {
			isa = PBXResourcesBuildPhase;
			buildActionMask = 2147483647;
			files = (
				576AE57F2629FA820054F84C /* Unchained Melody.mp3 in Resources */,
				57CB8B6E2626FB0F004316F9 /* LaunchScreen.storyboard in Resources */,
				57CB8B6B2626FB0F004316F9 /* Assets.xcassets in Resources */,
				57CB8B772626FC81004316F9 /* MySnowParticle.sks in Resources */,
				57CB8B692626FB0A004316F9 /* Main.storyboard in Resources */,
			);
			runOnlyForDeploymentPostprocessing = 0;
		};
/* End PBXResourcesBuildPhase section */

/* Begin PBXSourcesBuildPhase section */
		57CB8B5A2626FB0A004316F9 /* Sources */ = {
			isa = PBXSourcesBuildPhase;
			buildActionMask = 2147483647;
			files = (
				57CB8B662626FB0A004316F9 /* ViewController.swift in Sources */,
				57CB8B622626FB0A004316F9 /* AppDelegate.swift in Sources */,
				57CB8B642626FB0A004316F9 /* SceneDelegate.swift in Sources */,
			);
			runOnlyForDeploymentPostprocessing = 0;
		};
/* End PBXSourcesBuildPhase section */

/* Begin PBXVariantGroup section */
		57CB8B672626FB0A004316F9 /* Main.storyboard */ = {
			isa = PBXVariantGroup;
			children = (
				57CB8B682626FB0A004316F9 /* Base */,
			);
			name = Main.storyboard;
			sourceTree = "<group>";
		};
		57CB8B6C2626FB0F004316F9 /* LaunchScreen.storyboard */ = {
			isa = PBXVariantGroup;
			children = (
				57CB8B6D2626FB0F004316F9 /* Base */,
			);
			name = LaunchScreen.storyboard;
			sourceTree = "<group>";
		};
/* End PBXVariantGroup section */

/* Begin XCBuildConfiguration section */
		57CB8B702626FB0F004316F9 /* Debug */ = {
			isa = XCBuildConfiguration;
			buildSettings = {
				ALWAYS_SEARCH_USER_PATHS = NO;
				CLANG_ANALYZER_NONNULL = YES;
				CLANG_ANALYZER_NUMBER_OBJECT_CONVERSION = YES_AGGRESSIVE;
				CLANG_CXX_LANGUAGE_STANDARD = "gnu++14";
				CLANG_CXX_LIBRARY = "libc++";
				CLANG_ENABLE_MODULES = YES;
				CLANG_ENABLE_OBJC_ARC = YES;
				CLANG_ENABLE_OBJC_WEAK = YES;
				CLANG_WARN_BLOCK_CAPTURE_AUTORELEASING = YES;
				CLANG_WARN_BOOL_CONVERSION = YES;
				CLANG_WARN_COMMA = YES;
				CLANG_WARN_CONSTANT_CONVERSION = YES;
				CLANG_WARN_DEPRECATED_OBJC_IMPLEMENTATIONS = YES;
				CLANG_WARN_DIRECT_OBJC_ISA_USAGE = YES_ERROR;
				CLANG_WARN_DOCUMENTATION_COMMENTS = YES;
				CLANG_WARN_EMPTY_BODY = YES;
				CLANG_WARN_ENUM_CONVERSION = YES;
				CLANG_WARN_INFINITE_RECURSION = YES;
				CLANG_WARN_INT_CONVERSION = YES;
				CLANG_WARN_NON_LITERAL_NULL_CONVERSION = YES;
				CLANG_WARN_OBJC_IMPLICIT_RETAIN_SELF = YES;
				CLANG_WARN_OBJC_LITERAL_CONVERSION = YES;
				CLANG_WARN_OBJC_ROOT_CLASS = YES_ERROR;
				CLANG_WARN_QUOTED_INCLUDE_IN_FRAMEWORK_HEADER = YES;
				CLANG_WARN_RANGE_LOOP_ANALYSIS = YES;
				CLANG_WARN_STRICT_PROTOTYPES = YES;
				CLANG_WARN_SUSPICIOUS_MOVE = YES;
				CLANG_WARN_UNGUARDED_AVAILABILITY = YES_AGGRESSIVE;
				CLANG_WARN_UNREACHABLE_CODE = YES;
				CLANG_WARN__DUPLICATE_METHOD_MATCH = YES;
				COPY_PHASE_STRIP = NO;
				DEBUG_INFORMATION_FORMAT = dwarf;
				ENABLE_STRICT_OBJC_MSGSEND = YES;
				ENABLE_TESTABILITY = YES;
				GCC_C_LANGUAGE_STANDARD = gnu11;
				GCC_DYNAMIC_NO_PIC = NO;
				GCC_NO_COMMON_BLOCKS = YES;
				GCC_OPTIMIZATION_LEVEL = 0;
				GCC_PREPROCESSOR_DEFINITIONS = (
					"DEBUG=1",
					"$(inherited)",
				);
				GCC_WARN_64_TO_32_BIT_CONVERSION = YES;
				GCC_WARN_ABOUT_RETURN_TYPE = YES_ERROR;
				GCC_WARN_UNDECLARED_SELECTOR = YES;
				GCC_WARN_UNINITIALIZED_AUTOS = YES_AGGRESSIVE;
				GCC_WARN_UNUSED_FUNCTION = YES;
				GCC_WARN_UNUSED_VARIABLE = YES;
				IPHONEOS_DEPLOYMENT_TARGET = 14.4;
				MTL_ENABLE_DEBUG_INFO = INCLUDE_SOURCE;
				MTL_FAST_MATH = YES;
				ONLY_ACTIVE_ARCH = YES;
				SDKROOT = iphoneos;
				SWIFT_ACTIVE_COMPILATION_CONDITIONS = DEBUG;
				SWIFT_OPTIMIZATION_LEVEL = "-Onone";
			};
			name = Debug;
		};
		57CB8B712626FB0F004316F9 /* Release */ = {
			isa = XCBuildConfiguration;
			buildSettings = {
				ALWAYS_SEARCH_USER_PATHS = NO;
				CLANG_ANALYZER_NONNULL = YES;
				CLANG_ANALYZER_NUMBER_OBJECT_CONVERSION = YES_AGGRESSIVE;
				CLANG_CXX_LANGUAGE_STANDARD = "gnu++14";
				CLANG_CXX_LIBRARY = "libc++";
				CLANG_ENABLE_MODULES = YES;
				CLANG_ENABLE_OBJC_ARC = YES;
				CLANG_ENABLE_OBJC_WEAK = YES;
				CLANG_WARN_BLOCK_CAPTURE_AUTORELEASING = YES;
				CLANG_WARN_BOOL_CONVERSION = YES;
				CLANG_WARN_COMMA = YES;
				CLANG_WARN_CONSTANT_CONVERSION = YES;
				CLANG_WARN_DEPRECATED_OBJC_IMPLEMENTATIONS = YES;
				CLANG_WARN_DIRECT_OBJC_ISA_USAGE = YES_ERROR;
				CLANG_WARN_DOCUMENTATION_COMMENTS = YES;
				CLANG_WARN_EMPTY_BODY = YES;
				CLANG_WARN_ENUM_CONVERSION = YES;
				CLANG_WARN_INFINITE_RECURSION = YES;
				CLANG_WARN_INT_CONVERSION = YES;
				CLANG_WARN_NON_LITERAL_NULL_CONVERSION = YES;
				CLANG_WARN_OBJC_IMPLICIT_RETAIN_SELF = YES;
				CLANG_WARN_OBJC_LITERAL_CONVERSION = YES;
				CLANG_WARN_OBJC_ROOT_CLASS = YES_ERROR;
				CLANG_WARN_QUOTED_INCLUDE_IN_FRAMEWORK_HEADER = YES;
				CLANG_WARN_RANGE_LOOP_ANALYSIS = YES;
				CLANG_WARN_STRICT_PROTOTYPES = YES;
				CLANG_WARN_SUSPICIOUS_MOVE = YES;
				CLANG_WARN_UNGUARDED_AVAILABILITY = YES_AGGRESSIVE;
				CLANG_WARN_UNREACHABLE_CODE = YES;
				CLANG_WARN__DUPLICATE_METHOD_MATCH = YES;
				COPY_PHASE_STRIP = NO;
				DEBUG_INFORMATION_FORMAT = "dwarf-with-dsym";
				ENABLE_NS_ASSERTIONS = NO;
				ENABLE_STRICT_OBJC_MSGSEND = YES;
				GCC_C_LANGUAGE_STANDARD = gnu11;
				GCC_NO_COMMON_BLOCKS = YES;
				GCC_WARN_64_TO_32_BIT_CONVERSION = YES;
				GCC_WARN_ABOUT_RETURN_TYPE = YES_ERROR;
				GCC_WARN_UNDECLARED_SELECTOR = YES;
				GCC_WARN_UNINITIALIZED_AUTOS = YES_AGGRESSIVE;
				GCC_WARN_UNUSED_FUNCTION = YES;
				GCC_WARN_UNUSED_VARIABLE = YES;
				IPHONEOS_DEPLOYMENT_TARGET = 14.4;
				MTL_ENABLE_DEBUG_INFO = NO;
				MTL_FAST_MATH = YES;
				SDKROOT = iphoneos;
				SWIFT_COMPILATION_MODE = wholemodule;
				SWIFT_OPTIMIZATION_LEVEL = "-O";
				VALIDATE_PRODUCT = YES;
			};
			name = Release;
		};
		57CB8B732626FB0F004316F9 /* Debug */ = {
			isa = XCBuildConfiguration;
			buildSettings = {
				ASSETCATALOG_COMPILER_APPICON_NAME = AppIcon;
				ASSETCATALOG_COMPILER_GLOBAL_ACCENT_COLOR_NAME = AccentColor;
				CODE_SIGN_STYLE = Automatic;
				DEVELOPMENT_TEAM = VHP373PJVM;
				INFOPLIST_FILE = "viewDidLoad畫面2-hug/Info.plist";
				LD_RUNPATH_SEARCH_PATHS = (
					"$(inherited)",
					"@executable_path/Frameworks",
				);
				PRODUCT_BUNDLE_IDENTIFIER = "com.Andeline.viewDidLoad--2-hug";
				PRODUCT_NAME = "$(TARGET_NAME)";
				SWIFT_VERSION = 5.0;
				TARGETED_DEVICE_FAMILY = "1,2";
			};
			name = Debug;
		};
		57CB8B742626FB0F004316F9 /* Release */ = {
			isa = XCBuildConfiguration;
			buildSettings = {
				ASSETCATALOG_COMPILER_APPICON_NAME = AppIcon;
				ASSETCATALOG_COMPILER_GLOBAL_ACCENT_COLOR_NAME = AccentColor;
				CODE_SIGN_STYLE = Automatic;
				DEVELOPMENT_TEAM = VHP373PJVM;
				INFOPLIST_FILE = "viewDidLoad畫面2-hug/Info.plist";
				LD_RUNPATH_SEARCH_PATHS = (
					"$(inherited)",
					"@executable_path/Frameworks",
				);
				PRODUCT_BUNDLE_IDENTIFIER = "com.Andeline.viewDidLoad--2-hug";
				PRODUCT_NAME = "$(TARGET_NAME)";
				SWIFT_VERSION = 5.0;
				TARGETED_DEVICE_FAMILY = "1,2";
			};
			name = Release;
		};
/* End XCBuildConfiguration section */

/* Begin XCConfigurationList section */
		57CB8B592626FB0A004316F9 /* Build configuration list for PBXProject "viewDidLoad畫面2-hug" */ = {
			isa = XCConfigurationList;
			buildConfigurations = (
				57CB8B702626FB0F004316F9 /* Debug */,
				57CB8B712626FB0F004316F9 /* Release */,
			);
			defaultConfigurationIsVisible = 0;
			defaultConfigurationName = Release;
		};
		57CB8B722626FB0F004316F9 /* Build configuration list for PBXNativeTarget "viewDidLoad畫面2-hug" */ = {
			isa = XCConfigurationList;
			buildConfigurations = (
				57CB8B732626FB0F004316F9 /* Debug */,
				57CB8B742626FB0F004316F9 /* Release */,
			);
			defaultConfigurationIsVisible = 0;
			defaultConfigurationName = Release;
		};
/* End XCConfigurationList section */
	};
	rootObject = 57CB8B562626FB0A004316F9 /* Project object */;
}
